// !$*UTF8*$!
{
	archiveVersion = 1;
	classes = {
	};
	objectVersion = 46;
	objects = {

/* Begin PBXBuildFile section */
		E74C0ADF1B5F52E5001CAD1B /* AppDelegate.swift in Sources */ = {isa = PBXBuildFile; fileRef = E74C0ADE1B5F52E5001CAD1B /* AppDelegate.swift */; };
		E74C0AE11B5F52E5001CAD1B /* MainViewController.swift in Sources */ = {isa = PBXBuildFile; fileRef = E74C0AE01B5F52E5001CAD1B /* MainViewController.swift */; };
		E74C0AE41B5F52E5001CAD1B /* Main.storyboard in Resources */ = {isa = PBXBuildFile; fileRef = E74C0AE21B5F52E5001CAD1B /* Main.storyboard */; };
		E74C0AE61B5F52E5001CAD1B /* Images.xcassets in Resources */ = {isa = PBXBuildFile; fileRef = E74C0AE51B5F52E5001CAD1B /* Images.xcassets */; };
		E74C0AE91B5F52E5001CAD1B /* LaunchScreen.xib in Resources */ = {isa = PBXBuildFile; fileRef = E74C0AE71B5F52E5001CAD1B /* LaunchScreen.xib */; };
		E74C0AF51B5F52E5001CAD1B /* DiceTests.swift in Sources */ = {isa = PBXBuildFile; fileRef = E74C0AF41B5F52E5001CAD1B /* DiceTests.swift */; };
		E74C0AFF1B5F5316001CAD1B /* Roll.swift in Sources */ = {isa = PBXBuildFile; fileRef = E74C0AFE1B5F5316001CAD1B /* Roll.swift */; };
/* End PBXBuildFile section */

/* Begin PBXContainerItemProxy section */
		E74C0AEF1B5F52E5001CAD1B /* PBXContainerItemProxy */ = {
			isa = PBXContainerItemProxy;
			containerPortal = E74C0AD11B5F52E5001CAD1B /* Project object */;
			proxyType = 1;
			remoteGlobalIDString = E74C0AD81B5F52E5001CAD1B;
			remoteInfo = Dice;
		};
/* End PBXContainerItemProxy section */

/* Begin PBXFileReference section */
		E74C0AD91B5F52E5001CAD1B /* Dice.app */ = {isa = PBXFileReference; explicitFileType = wrapper.application; includeInIndex = 0; path = Dice.app; sourceTree = BUILT_PRODUCTS_DIR; };
		E74C0ADD1B5F52E5001CAD1B /* Info.plist */ = {isa = PBXFileReference; lastKnownFileType = text.plist.xml; path = Info.plist; sourceTree = "<group>"; };
		E74C0ADE1B5F52E5001CAD1B /* AppDelegate.swift */ = {isa = PBXFileReference; lastKnownFileType = sourcecode.swift; path = AppDelegate.swift; sourceTree = "<group>"; };
		E74C0AE01B5F52E5001CAD1B /* MainViewController.swift */ = {isa = PBXFileReference; explicitFileType = sourcecode.swift; path = MainViewController.swift; sourceTree = "<group>"; };
		E74C0AE31B5F52E5001CAD1B /* Base */ = {isa = PBXFileReference; lastKnownFileType = file.storyboard; name = Base; path = Base.lproj/Main.storyboard; sourceTree = "<group>"; };
		E74C0AE51B5F52E5001CAD1B /* Images.xcassets */ = {isa = PBXFileReference; lastKnownFileType = folder.assetcatalog; path = Images.xcassets; sourceTree = "<group>"; };
		E74C0AE81B5F52E5001CAD1B /* Base */ = {isa = PBXFileReference; lastKnownFileType = file.xib; name = Base; path = Base.lproj/LaunchScreen.xib; sourceTree = "<group>"; };
		E74C0AEE1B5F52E5001CAD1B /* DiceTests.xctest */ = {isa = PBXFileReference; explicitFileType = wrapper.cfbundle; includeInIndex = 0; path = DiceTests.xctest; sourceTree = BUILT_PRODUCTS_DIR; };
		E74C0AF31B5F52E5001CAD1B /* Info.plist */ = {isa = PBXFileReference; lastKnownFileType = text.plist.xml; path = Info.plist; sourceTree = "<group>"; };
		E74C0AF41B5F52E5001CAD1B /* DiceTests.swift */ = {isa = PBXFileReference; lastKnownFileType = sourcecode.swift; path = DiceTests.swift; sourceTree = "<group>"; };
		E74C0AFE1B5F5316001CAD1B /* Roll.swift */ = {isa = PBXFileReference; fileEncoding = 4; lastKnownFileType = sourcecode.swift; path = Roll.swift; sourceTree = "<group>"; };
/* End PBXFileReference section */

/* Begin PBXFrameworksBuildPhase section */
		E74C0AD61B5F52E5001CAD1B /* Frameworks */ = {
			isa = PBXFrameworksBuildPhase;
			buildActionMask = 2147483647;
			files = (
			);
			runOnlyForDeploymentPostprocessing = 0;
		};
		E74C0AEB1B5F52E5001CAD1B /* Frameworks */ = {
			isa = PBXFrameworksBuildPhase;
			buildActionMask = 2147483647;
			files = (
			);
			runOnlyForDeploymentPostprocessing = 0;
		};
/* End PBXFrameworksBuildPhase section */

/* Begin PBXGroup section */
		E74C0AD01B5F52E5001CAD1B = {
			isa = PBXGroup;
			children = (
				E74C0ADB1B5F52E5001CAD1B /* Dice */,
				E74C0AF11B5F52E5001CAD1B /* DiceTests */,
				E74C0ADA1B5F52E5001CAD1B /* Products */,
			);
			sourceTree = "<group>";
		};
		E74C0ADA1B5F52E5001CAD1B /* Products */ = {
			isa = PBXGroup;
			children = (
				E74C0AD91B5F52E5001CAD1B /* Dice.app */,
				E74C0AEE1B5F52E5001CAD1B /* DiceTests.xctest */,
			);
			name = Products;
			sourceTree = "<group>";
		};
		E74C0ADB1B5F52E5001CAD1B /* Dice */ = {
			isa = PBXGroup;
			children = (
				E74C0ADE1B5F52E5001CAD1B /* AppDelegate.swift */,
				E74C0AE01B5F52E5001CAD1B /* MainViewController.swift */,
				E74C0AFE1B5F5316001CAD1B /* Roll.swift */,
				E74C0AE21B5F52E5001CAD1B /* Main.storyboard */,
				E74C0AE51B5F52E5001CAD1B /* Images.xcassets */,
				E74C0AE71B5F52E5001CAD1B /* LaunchScreen.xib */,
				E74C0ADC1B5F52E5001CAD1B /* Supporting Files */,
			);
			path = Dice;
			sourceTree = "<group>";
		};
		E74C0ADC1B5F52E5001CAD1B /* Supporting Files */ = {
			isa = PBXGroup;
			children = (
				E74C0ADD1B5F52E5001CAD1B /* Info.plist */,
			);
			name = "Supporting Files";
			sourceTree = "<group>";
		};
		E74C0AF11B5F52E5001CAD1B /* DiceTests */ = {
			isa = PBXGroup;
			children = (
				E74C0AF41B5F52E5001CAD1B /* DiceTests.swift */,
				E74C0AF21B5F52E5001CAD1B /* Supporting Files */,
			);
			path = DiceTests;
			sourceTree = "<group>";
		};
		E74C0AF21B5F52E5001CAD1B /* Supporting Files */ = {
			isa = PBXGroup;
			children = (
				E74C0AF31B5F52E5001CAD1B /* Info.plist */,
			);
			name = "Supporting Files";
			sourceTree = "<group>";
		};
/* End PBXGroup section */

/* Begin PBXNativeTarget section */
		E74C0AD81B5F52E5001CAD1B /* Dice */ = {
			isa = PBXNativeTarget;
			buildConfigurationList = E74C0AF81B5F52E5001CAD1B /* Build configuration list for PBXNativeTarget "Dice" */;
			buildPhases = (
				E74C0AD51B5F52E5001CAD1B /* Sources */,
				E74C0AD61B5F52E5001CAD1B /* Frameworks */,
				E74C0AD71B5F52E5001CAD1B /* Resources */,
			);
			buildRules = (
			);
			dependencies = (
			);
			name = Dice;
			productName = Dice;
			productReference = E74C0AD91B5F52E5001CAD1B /* Dice.app */;
			productType = "com.apple.product-type.application";
		};
		E74C0AED1B5F52E5001CAD1B /* DiceTests */ = {
			isa = PBXNativeTarget;
			buildConfigurationList = E74C0AFB1B5F52E5001CAD1B /* Build configuration list for PBXNativeTarget "DiceTests" */;
			buildPhases = (
				E74C0AEA1B5F52E5001CAD1B /* Sources */,
				E74C0AEB1B5F52E5001CAD1B /* Frameworks */,
				E74C0AEC1B5F52E5001CAD1B /* Resources */,
			);
			buildRules = (
			);
			dependencies = (
				E74C0AF01B5F52E5001CAD1B /* PBXTargetDependency */,
			);
			name = DiceTests;
			productName = DiceTests;
			productReference = E74C0AEE1B5F52E5001CAD1B /* DiceTests.xctest */;
			productType = "com.apple.product-type.bundle.unit-test";
		};
/* End PBXNativeTarget section */

/* Begin PBXProject section */
		E74C0AD11B5F52E5001CAD1B /* Project object */ = {
			isa = PBXProject;
			attributes = {
				LastUpgradeCheck = 0640;
				ORGANIZATIONNAME = "Nick Wood";
				TargetAttributes = {
					E74C0AD81B5F52E5001CAD1B = {
						CreatedOnToolsVersion = 6.4;
					};
					E74C0AED1B5F52E5001CAD1B = {
						CreatedOnToolsVersion = 6.4;
						TestTargetID = E74C0AD81B5F52E5001CAD1B;
					};
				};
			};
			buildConfigurationList = E74C0AD41B5F52E5001CAD1B /* Build configuration list for PBXProject "Dice" */;
			compatibilityVersion = "Xcode 3.2";
			developmentRegion = English;
			hasScannedForEncodings = 0;
			knownRegions = (
				en,
				Base,
			);
			mainGroup = E74C0AD01B5F52E5001CAD1B;
			productRefGroup = E74C0ADA1B5F52E5001CAD1B /* Products */;
			projectDirPath = "";
			projectRoot = "";
			targets = (
				E74C0AD81B5F52E5001CAD1B /* Dice */,
				E74C0AED1B5F52E5001CAD1B /* DiceTests */,
			);
		};
/* End PBXProject section */

/* Begin PBXResourcesBuildPhase section */
		E74C0AD71B5F52E5001CAD1B /* Resources */ = {
			isa = PBXResourcesBuildPhase;
			buildActionMask = 2147483647;
			files = (
				E74C0AE41B5F52E5001CAD1B /* Main.storyboard in Resources */,
				E74C0AE91B5F52E5001CAD1B /* LaunchScreen.xib in Resources */,
				E74C0AE61B5F52E5001CAD1B /* Images.xcassets in Resources */,
			);
			runOnlyForDeploymentPostprocessing = 0;
		};
		E74C0AEC1B5F52E5001CAD1B /* Resources */ = {
			isa = PBXResourcesBuildPhase;
			buildActionMask = 2147483647;
			files = (
			);
			runOnlyForDeploymentPostprocessing = 0;
		};
/* End PBXResourcesBuildPhase section */

/* Begin PBXSourcesBuildPhase section */
		E74C0AD51B5F52E5001CAD1B /* Sources */ = {
			isa = PBXSourcesBuildPhase;
			buildActionMask = 2147483647;
			files = (
				E74C0AE11B5F52E5001CAD1B /* MainViewController.swift in Sources */,
				E74C0ADF1B5F52E5001CAD1B /* AppDelegate.swift in Sources */,
				E74C0AFF1B5F5316001CAD1B /* Roll.swift in Sources */,
			);
			runOnlyForDeploymentPostprocessing = 0;
		};
		E74C0AEA1B5F52E5001CAD1B /* Sources */ = {
			isa = PBXSourcesBuildPhase;
			buildActionMask = 2147483647;
			files = (
				E74C0AF51B5F52E5001CAD1B /* DiceTests.swift in Sources */,
			);
			runOnlyForDeploymentPostprocessing = 0;
		};
/* End PBXSourcesBuildPhase section */

/* Begin PBXTargetDependency section */
		E74C0AF01B5F52E5001CAD1B /* PBXTargetDependency */ = {
			isa = PBXTargetDependency;
			target = E74C0AD81B5F52E5001CAD1B /* Dice */;
			targetProxy = E74C0AEF1B5F52E5001CAD1B /* PBXContainerItemProxy */;
		};
/* End PBXTargetDependency section */

/* Begin PBXVariantGroup section */
		E74C0AE21B5F52E5001CAD1B /* Main.storyboard */ = {
			isa = PBXVariantGroup;
			children = (
				E74C0AE31B5F52E5001CAD1B /* Base */,
			);
			name = Main.storyboard;
			sourceTree = "<group>";
		};
		E74C0AE71B5F52E5001CAD1B /* LaunchScreen.xib */ = {
			isa = PBXVariantGroup;
			children = (
				E74C0AE81B5F52E5001CAD1B /* Base */,
			);
			name = LaunchScreen.xib;
			sourceTree = "<group>";
		};
/* End PBXVariantGroup section */

/* Begin XCBuildConfiguration section */
		E74C0AF61B5F52E5001CAD1B /* Debug */ = {
			isa = XCBuildConfiguration;
			buildSettings = {
				ALWAYS_SEARCH_USER_PATHS = NO;
				CLANG_CXX_LANGUAGE_STANDARD = "gnu++0x";
				CLANG_CXX_LIBRARY = "libc++";
				CLANG_ENABLE_MODULES = YES;
				CLANG_ENABLE_OBJC_ARC = YES;
				CLANG_WARN_BOOL_CONVERSION = YES;
				CLANG_WARN_CONSTANT_CONVERSION = YES;
				CLANG_WARN_DIRECT_OBJC_ISA_USAGE = YES_ERROR;
				CLANG_WARN_EMPTY_BODY = YES;
				CLANG_WARN_ENUM_CONVERSION = YES;
				CLANG_WARN_INT_CONVERSION = YES;
				CLANG_WARN_OBJC_ROOT_CLASS = YES_ERROR;
				CLANG_WARN_UNREACHABLE_CODE = YES;
				CLANG_WARN__DUPLICATE_METHOD_MATCH = YES;
				"CODE_SIGN_IDENTITY[sdk=iphoneos*]" = "iPhone Developer";
				COPY_PHASE_STRIP = NO;
				DEBUG_INFORMATION_FORMAT = "dwarf-with-dsym";
				ENABLE_STRICT_OBJC_MSGSEND = YES;
				GCC_C_LANGUAGE_STANDARD = gnu99;
				GCC_DYNAMIC_NO_PIC = NO;
				GCC_NO_COMMON_BLOCKS = YES;
				GCC_OPTIMIZATION_LEVEL = 0;
				GCC_PREPROCESSOR_DEFINITIONS = (
					"DEBUG=1",
					"$(inherited)",
				);
				GCC_SYMBOLS_PRIVATE_EXTERN = NO;
				GCC_WARN_64_TO_32_BIT_CONVERSION = YES;
				GCC_WARN_ABOUT_RETURN_TYPE = YES_ERROR;
				GCC_WARN_UNDECLARED_SELECTOR = YES;
				GCC_WARN_UNINITIALIZED_AUTOS = YES_AGGRESSIVE;
				GCC_WARN_UNUSED_FUNCTION = YES;
				GCC_WARN_UNUSED_VARIABLE = YES;
				IPHONEOS_DEPLOYMENT_TARGET = 8.4;
				MTL_ENABLE_DEBUG_INFO = YES;
				ONLY_ACTIVE_ARCH = YES;
				SDKROOT = iphoneos;
				SWIFT_OPTIMIZATION_LEVEL = "-Onone";
				TARGETED_DEVICE_FAMILY = "1,2";
			};
			name = Debug;
		};
		E74C0AF71B5F52E5001CAD1B /* Release */ = {
			isa = XCBuildConfiguration;
			buildSettings = {
				ALWAYS_SEARCH_USER_PATHS = NO;
				CLANG_CXX_LANGUAGE_STANDARD = "gnu++0x";
				CLANG_CXX_LIBRARY = "libc++";
				CLANG_ENABLE_MODULES = YES;
				CLANG_ENABLE_OBJC_ARC = YES;
				CLANG_WARN_BOOL_CONVERSION = YES;
				CLANG_WARN_CONSTANT_CONVERSION = YES;
				CLANG_WARN_DIRECT_OBJC_ISA_USAGE = YES_ERROR;
				CLANG_WARN_EMPTY_BODY = YES;
				CLANG_WARN_ENUM_CONVERSION = YES;
				CLANG_WARN_INT_CONVERSION = YES;
				CLANG_WARN_OBJC_ROOT_CLASS = YES_ERROR;
				CLANG_WARN_UNREACHABLE_CODE = YES;
				CLANG_WARN__DUPLICATE_METHOD_MATCH = YES;
				"CODE_SIGN_IDENTITY[sdk=iphoneos*]" = "iPhone Developer";
				COPY_PHASE_STRIP = NO;
				DEBUG_INFORMATION_FORMAT = "dwarf-with-dsym";
				ENABLE_NS_ASSERTIONS = NO;
				ENABLE_STRICT_OBJC_MSGSEND = YES;
				GCC_C_LANGUAGE_STANDARD = gnu99;
				GCC_NO_COMMON_BLOCKS = YES;
				GCC_WARN_64_TO_32_BIT_CONVERSION = YES;
				GCC_WARN_ABOUT_RETURN_TYPE = YES_ERROR;
				GCC_WARN_UNDECLARED_SELECTOR = YES;
				GCC_WARN_UNINITIALIZED_AUTOS = YES_AGGRESSIVE;
				GCC_WARN_UNUSED_FUNCTION = YES;
				GCC_WARN_UNUSED_VARIABLE = YES;
				IPHONEOS_DEPLOYMENT_TARGET = 8.4;
				MTL_ENABLE_DEBUG_INFO = NO;
				SDKROOT = iphoneos;
				TARGETED_DEVICE_FAMILY = "1,2";
				VALIDATE_PRODUCT = YES;
			};
			name = Release;
		};
		E74C0AF91B5F52E5001CAD1B /* Debug */ = {
			isa = XCBuildConfiguration;
			buildSettings = {
				ASSETCATALOG_COMPILER_APPICON_NAME = AppIcon;
				INFOPLIST_FILE = Dice/Info.plist;
				LD_RUNPATH_SEARCH_PATHS = "$(inherited) @executable_path/Frameworks";
				PRODUCT_NAME = "$(TARGET_NAME)";
			};
			name = Debug;
		};
		E74C0AFA1B5F52E5001CAD1B /* Release */ = {
			isa = XCBuildConfiguration;
			buildSettings = {
				ASSETCATALOG_COMPILER_APPICON_NAME = AppIcon;
				INFOPLIST_FILE = Dice/Info.plist;
				LD_RUNPATH_SEARCH_PATHS = "$(inherited) @executable_path/Frameworks";
				PRODUCT_NAME = "$(TARGET_NAME)";
			};
			name = Release;
		};
		E74C0AFC1B5F52E5001CAD1B /* Debug */ = {
			isa = XCBuildConfiguration;
			buildSettings = {
				BUNDLE_LOADER = "$(TEST_HOST)";
				FRAMEWORK_SEARCH_PATHS = (
					"$(SDKROOT)/Developer/Library/Frameworks",
					"$(inherited)",
				);
				GCC_PREPROCESSOR_DEFINITIONS = (
					"DEBUG=1",
					"$(inherited)",
				);
				INFOPLIST_FILE = DiceTests/Info.plist;
				LD_RUNPATH_SEARCH_PATHS = "$(inherited) @executable_path/Frameworks @loader_path/Frameworks";
				PRODUCT_NAME = "$(TARGET_NAME)";
				TEST_HOST = "$(BUILT_PRODUCTS_DIR)/Dice.app/Dice";
			};
			name = Debug;
		};
		E74C0AFD1B5F52E5001CAD1B /* Release */ = {
			isa = XCBuildConfiguration;
			buildSettings = {
				BUNDLE_LOADER = "$(TEST_HOST)";
				FRAMEWORK_SEARCH_PATHS = (
					"$(SDKROOT)/Developer/Library/Frameworks",
					"$(inherited)",
				);
				INFOPLIST_FILE = DiceTests/Info.plist;
				LD_RUNPATH_SEARCH_PATHS = "$(inherited) @executable_path/Frameworks @loader_path/Frameworks";
				PRODUCT_NAME = "$(TARGET_NAME)";
				TEST_HOST = "$(BUILT_PRODUCTS_DIR)/Dice.app/Dice";
			};
			name = Release;
		};
/* End XCBuildConfiguration section */

/* Begin XCConfigurationList section */
		E74C0AD41B5F52E5001CAD1B /* Build configuration list for PBXProject "Dice" */ = {
			isa = XCConfigurationList;
			buildConfigurations = (
				E74C0AF61B5F52E5001CAD1B /* Debug */,
				E74C0AF71B5F52E5001CAD1B /* Release */,
			);
			defaultConfigurationIsVisible = 0;
			defaultConfigurationName = Release;
		};
		E74C0AF81B5F52E5001CAD1B /* Build configuration list for PBXNativeTarget "Dice" */ = {
			isa = XCConfigurationList;
			buildConfigurations = (
				E74C0AF91B5F52E5001CAD1B /* Debug */,
				E74C0AFA1B5F52E5001CAD1B /* Release */,
			);
			defaultConfigurationIsVisible = 0;
		};
		E74C0AFB1B5F52E5001CAD1B /* Build configuration list for PBXNativeTarget "DiceTests" */ = {
			isa = XCConfigurationList;
			buildConfigurations = (
				E74C0AFC1B5F52E5001CAD1B /* Debug */,
				E74C0AFD1B5F52E5001CAD1B /* Release */,
			);
			defaultConfigurationIsVisible = 0;
		};
/* End XCConfigurationList section */
	};
	rootObject = E74C0AD11B5F52E5001CAD1B /* Project object */;
}
